<?xml version="1.0" encoding="utf-8"?>
<Project ToolsVersion="4.0" xmlns="http://schemas.microsoft.com/developer/msbuild/2003">
  <ItemGroup>
    <Filter Include="sources">
      <UniqueIdentifier>{4FC737F1-C7A5-4376-A066-2A32D752A2FF}</UniqueIdentifier>
      <Extensions>cpp;c;cc;cxx;def;odl;idl;hpj;bat;asm;asmx</Extensions>
    </Filter>
    <Filter Include="headers">
      <UniqueIdentifier>{0230beae-e59a-4962-a1e7-a46920ef18b5}</UniqueIdentifier>
    </Filter>
  </ItemGroup>
  <ItemGroup>
    <ClCompile Include="attgetopt.c">
      <Filter>sources</Filter>
    </ClCompile>
    <ClCompile Include="..\common\crc32.c">
      <Filter>sources</Filter>
    </ClCompile>
    <ClCompile Include="..\common\huffman-bcl.c">
      <Filter>sources</Filter>
    </ClCompile>
    <ClCompile Include="..\common\tags.c">
      <Filter>sources</Filter>
    </ClCompile>
  </ItemGroup>
  <ItemGroup>
    <ClInclude Include="getopt.h">
      <Filter>headers</Filter>
    </ClInclude>
  </ItemGroup>
</Project>