<?xml version="1.0" encoding="utf-8"?>
<Project ToolsVersion="4.0" xmlns="http://schemas.microsoft.com/developer/msbuild/2003">
  <ItemGroup>
    <Filter Include="sources">
      <UniqueIdentifier>{93995380-89BD-4b04-88EB-625FBE52EBFB}</UniqueIdentifier>
      <Extensions>h;hpp;hxx;hm;inl;inc;xsd</Extensions>
    </Filter>
  </ItemGroup>
  <ItemGroup>
    <ClCompile Include="..\mpc2sv8\mpc2sv8.c">
      <Filter>sources</Filter>
    </ClCompile>
    <ClCompile Include="attgetopt.c">
      <Filter>sources</Filter>
    </ClCompile>
    <ClCompile Include="basename.c">
      <Filter>sources</Filter>
    </ClCompile>
    <ClCompile Include="dirent.c">
      <Filter>sources</Filter>
    </ClCompile>
  </ItemGroup>
  <ItemGroup>
    <ClInclude Include="dirent.h">
      <Filter>sources</Filter>
    </ClInclude>
    <ClInclude Include="getopt.h">
      <Filter>sources</Filter>
    </ClInclude>
    <ClInclude Include="libgen.h">
      <Filter>sources</Filter>
    </ClInclude>
  </ItemGroup>
</Project>