<?xml version="1.0" encoding="utf-8"?>
<Project ToolsVersion="4.0" xmlns="http://schemas.microsoft.com/developer/msbuild/2003">
  <ItemGroup>
    <Filter Include="sources">
      <UniqueIdentifier>{802a6159-0d2c-4433-aace-3916c1dc3790}</UniqueIdentifier>
    </Filter>
  </ItemGroup>
  <ItemGroup>
    <ClCompile Include="..\mpcdec\mpcdec.c">
      <Filter>sources</Filter>
    </ClCompile>
  </ItemGroup>
</Project>