
Microsoft Visual Studio Solution File, Format Version 12.00
# Visual Studio Version 16
VisualStudioVersion = 16.0.29418.71
MinimumVisualStudioVersion = 10.0.40219.1
Project("{8BC9CEB8-8B4A-11D0-8D11-00A0C91BC942}") = "mpcenc", "mpcenc.vcxproj", "{15082E34-9324-469F-8423-F995B4814A37}"
EndProject
Project("{8BC9CEB8-8B4A-11D0-8D11-00A0C91BC942}") = "libcommon", "libcommon.vcxproj", "{49A26D14-0AD0-497E-A982-42BFD4D992FC}"
EndProject
Project("{8BC9CEB8-8B4A-11D0-8D11-00A0C91BC942}") = "libmpcpsy", "libmpcpsy.vcxproj", "{7CF31624-B40E-466F-9107-785816C787C4}"
EndProject
Project("{8BC9CEB8-8B4A-11D0-8D11-00A0C91BC942}") = "libmpcenc", "libmpcenc.vcxproj", "{44EC1266-D2EE-47B8-ACFC-8BD52E7FFF96}"
EndProject
Project("{8BC9CEB8-8B4A-11D0-8D11-00A0C91BC942}") = "mpcdec", "mpcdec.vcxproj", "{A527175B-22A9-41AB-B2E8-580F573CCAFB}"
EndProject
Project("{8BC9CEB8-8B4A-11D0-8D11-00A0C91BC942}") = "mpccut", "mpccut.vcxproj", "{ABBF9DD7-650F-48A8-9810-B76F233520F3}"
EndProject
Project("{8BC9CEB8-8B4A-11D0-8D11-00A0C91BC942}") = "mpc2sv8", "mpc2sv8.vcxproj", "{36225C6A-FFA3-4E70-928E-1F69F7A3FCE1}"
EndProject
Project("{8BC9CEB8-8B4A-11D0-8D11-00A0C91BC942}") = "libmpcdec", "libmpcdec.vcxproj", "{4C5362CD-0BF2-4B3B-971B-8293EB1A1DC3}"
EndProject
Project("{8BC9CEB8-8B4A-11D0-8D11-00A0C91BC942}") = "libwavformat", "libwavformat.vcxproj", "{13D176A2-B6BB-403F-A816-AA1F388078B7}"
EndProject
Project("{8BC9CEB8-8B4A-11D0-8D11-00A0C91BC942}") = "libreplaygain", "..\libreplaygain\libreplaygain.vcxproj", "{CB7A02E8-393A-481B-BD18-E7D041D8C6B1}"
EndProject
Project("{8BC9CEB8-8B4A-11D0-8D11-00A0C91BC942}") = "mpcgain", "mpcgain.vcxproj", "{76CBB7D4-0524-4569-9150-34BDE4235D04}"
EndProject
Global
	GlobalSection(SolutionConfigurationPlatforms) = preSolution
		Debug|Win32 = Debug|Win32
		Debug|x64 = Debug|x64
		Release|Win32 = Release|Win32
		Release|x64 = Release|x64
	EndGlobalSection
	GlobalSection(ProjectConfigurationPlatforms) = postSolution
		{15082E34-9324-469F-8423-F995B4814A37}.Debug|Win32.ActiveCfg = Debug|Win32
		{15082E34-9324-469F-8423-F995B4814A37}.Debug|Win32.Build.0 = Debug|Win32
		{15082E34-9324-469F-8423-F995B4814A37}.Debug|x64.ActiveCfg = Debug|x64
		{15082E34-9324-469F-8423-F995B4814A37}.Debug|x64.Build.0 = Debug|x64
		{15082E34-9324-469F-8423-F995B4814A37}.Release|Win32.ActiveCfg = Release|Win32
		{15082E34-9324-469F-8423-F995B4814A37}.Release|Win32.Build.0 = Release|Win32
		{15082E34-9324-469F-8423-F995B4814A37}.Release|x64.ActiveCfg = Release|x64
		{15082E34-9324-469F-8423-F995B4814A37}.Release|x64.Build.0 = Release|x64
		{49A26D14-0AD0-497E-A982-42BFD4D992FC}.Debug|Win32.ActiveCfg = Debug|Win32
		{49A26D14-0AD0-497E-A982-42BFD4D992FC}.Debug|Win32.Build.0 = Debug|Win32
		{49A26D14-0AD0-497E-A982-42BFD4D992FC}.Debug|x64.ActiveCfg = Debug|x64
		{49A26D14-0AD0-497E-A982-42BFD4D992FC}.Debug|x64.Build.0 = Debug|x64
		{49A26D14-0AD0-497E-A982-42BFD4D992FC}.Release|Win32.ActiveCfg = Release|Win32
		{49A26D14-0AD0-497E-A982-42BFD4D992FC}.Release|Win32.Build.0 = Release|Win32
		{49A26D14-0AD0-497E-A982-42BFD4D992FC}.Release|x64.ActiveCfg = Release|x64
		{49A26D14-0AD0-497E-A982-42BFD4D992FC}.Release|x64.Build.0 = Release|x64
		{7CF31624-B40E-466F-9107-785816C787C4}.Debug|Win32.ActiveCfg = Debug|Win32
		{7CF31624-B40E-466F-9107-785816C787C4}.Debug|Win32.Build.0 = Debug|Win32
		{7CF31624-B40E-466F-9107-785816C787C4}.Debug|x64.ActiveCfg = Debug|x64
		{7CF31624-B40E-466F-9107-785816C787C4}.Debug|x64.Build.0 = Debug|x64
		{7CF31624-B40E-466F-9107-785816C787C4}.Release|Win32.ActiveCfg = Release|Win32
		{7CF31624-B40E-466F-9107-785816C787C4}.Release|Win32.Build.0 = Release|Win32
		{7CF31624-B40E-466F-9107-785816C787C4}.Release|x64.ActiveCfg = Release|x64
		{7CF31624-B40E-466F-9107-785816C787C4}.Release|x64.Build.0 = Release|x64
		{44EC1266-D2EE-47B8-ACFC-8BD52E7FFF96}.Debug|Win32.ActiveCfg = Debug|Win32
		{44EC1266-D2EE-47B8-ACFC-8BD52E7FFF96}.Debug|Win32.Build.0 = Debug|Win32
		{44EC1266-D2EE-47B8-ACFC-8BD52E7FFF96}.Debug|x64.ActiveCfg = Debug|x64
		{44EC1266-D2EE-47B8-ACFC-8BD52E7FFF96}.Debug|x64.Build.0 = Debug|x64
		{44EC1266-D2EE-47B8-ACFC-8BD52E7FFF96}.Release|Win32.ActiveCfg = Release|Win32
		{44EC1266-D2EE-47B8-ACFC-8BD52E7FFF96}.Release|Win32.Build.0 = Release|Win32
		{44EC1266-D2EE-47B8-ACFC-8BD52E7FFF96}.Release|x64.ActiveCfg = Release|x64
		{44EC1266-D2EE-47B8-ACFC-8BD52E7FFF96}.Release|x64.Build.0 = Release|x64
		{A527175B-22A9-41AB-B2E8-580F573CCAFB}.Debug|Win32.ActiveCfg = Debug|Win32
		{A527175B-22A9-41AB-B2E8-580F573CCAFB}.Debug|Win32.Build.0 = Debug|Win32
		{A527175B-22A9-41AB-B2E8-580F573CCAFB}.Debug|x64.ActiveCfg = Debug|x64
		{A527175B-22A9-41AB-B2E8-580F573CCAFB}.Debug|x64.Build.0 = Debug|x64
		{A527175B-22A9-41AB-B2E8-580F573CCAFB}.Release|Win32.ActiveCfg = Release|Win32
		{A527175B-22A9-41AB-B2E8-580F573CCAFB}.Release|Win32.Build.0 = Release|Win32
		{A527175B-22A9-41AB-B2E8-580F573CCAFB}.Release|x64.ActiveCfg = Release|x64
		{A527175B-22A9-41AB-B2E8-580F573CCAFB}.Release|x64.Build.0 = Release|x64
		{ABBF9DD7-650F-48A8-9810-B76F233520F3}.Debug|Win32.ActiveCfg = Debug|Win32
		{ABBF9DD7-650F-48A8-9810-B76F233520F3}.Debug|Win32.Build.0 = Debug|Win32
		{ABBF9DD7-650F-48A8-9810-B76F233520F3}.Debug|x64.ActiveCfg = Debug|x64
		{ABBF9DD7-650F-48A8-9810-B76F233520F3}.Debug|x64.Build.0 = Debug|x64
		{ABBF9DD7-650F-48A8-9810-B76F233520F3}.Release|Win32.ActiveCfg = Release|Win32
		{ABBF9DD7-650F-48A8-9810-B76F233520F3}.Release|Win32.Build.0 = Release|Win32
		{ABBF9DD7-650F-48A8-9810-B76F233520F3}.Release|x64.ActiveCfg = Release|x64
		{ABBF9DD7-650F-48A8-9810-B76F233520F3}.Release|x64.Build.0 = Release|x64
		{36225C6A-FFA3-4E70-928E-1F69F7A3FCE1}.Debug|Win32.ActiveCfg = Debug|Win32
		{36225C6A-FFA3-4E70-928E-1F69F7A3FCE1}.Debug|Win32.Build.0 = Debug|Win32
		{36225C6A-FFA3-4E70-928E-1F69F7A3FCE1}.Debug|x64.ActiveCfg = Debug|x64
		{36225C6A-FFA3-4E70-928E-1F69F7A3FCE1}.Debug|x64.Build.0 = Debug|x64
		{36225C6A-FFA3-4E70-928E-1F69F7A3FCE1}.Release|Win32.ActiveCfg = Release|Win32
		{36225C6A-FFA3-4E70-928E-1F69F7A3FCE1}.Release|Win32.Build.0 = Release|Win32
		{36225C6A-FFA3-4E70-928E-1F69F7A3FCE1}.Release|x64.ActiveCfg = Release|x64
		{36225C6A-FFA3-4E70-928E-1F69F7A3FCE1}.Release|x64.Build.0 = Release|x64
		{4C5362CD-0BF2-4B3B-971B-8293EB1A1DC3}.Debug|Win32.ActiveCfg = Debug|Win32
		{4C5362CD-0BF2-4B3B-971B-8293EB1A1DC3}.Debug|Win32.Build.0 = Debug|Win32
		{4C5362CD-0BF2-4B3B-971B-8293EB1A1DC3}.Debug|x64.ActiveCfg = Debug|x64
		{4C5362CD-0BF2-4B3B-971B-8293EB1A1DC3}.Debug|x64.Build.0 = Debug|x64
		{4C5362CD-0BF2-4B3B-971B-8293EB1A1DC3}.Release|Win32.ActiveCfg = Release|Win32
		{4C5362CD-0BF2-4B3B-971B-8293EB1A1DC3}.Release|Win32.Build.0 = Release|Win32
		{4C5362CD-0BF2-4B3B-971B-8293EB1A1DC3}.Release|x64.ActiveCfg = Release|x64
		{4C5362CD-0BF2-4B3B-971B-8293EB1A1DC3}.Release|x64.Build.0 = Release|x64
		{13D176A2-B6BB-403F-A816-AA1F388078B7}.Debug|Win32.ActiveCfg = Debug|Win32
		{13D176A2-B6BB-403F-A816-AA1F388078B7}.Debug|Win32.Build.0 = Debug|Win32
		{13D176A2-B6BB-403F-A816-AA1F388078B7}.Debug|x64.ActiveCfg = Debug|x64
		{13D176A2-B6BB-403F-A816-AA1F388078B7}.Debug|x64.Build.0 = Debug|x64
		{13D176A2-B6BB-403F-A816-AA1F388078B7}.Release|Win32.ActiveCfg = Release|Win32
		{13D176A2-B6BB-403F-A816-AA1F388078B7}.Release|Win32.Build.0 = Release|Win32
		{13D176A2-B6BB-403F-A816-AA1F388078B7}.Release|x64.ActiveCfg = Release|x64
		{13D176A2-B6BB-403F-A816-AA1F388078B7}.Release|x64.Build.0 = Release|x64
		{CB7A02E8-393A-481B-BD18-E7D041D8C6B1}.Debug|Win32.ActiveCfg = Debug|Win32
		{CB7A02E8-393A-481B-BD18-E7D041D8C6B1}.Debug|Win32.Build.0 = Debug|Win32
		{CB7A02E8-393A-481B-BD18-E7D041D8C6B1}.Debug|x64.ActiveCfg = Debug|x64
		{CB7A02E8-393A-481B-BD18-E7D041D8C6B1}.Debug|x64.Build.0 = Debug|x64
		{CB7A02E8-393A-481B-BD18-E7D041D8C6B1}.Release|Win32.ActiveCfg = Release|Win32
		{CB7A02E8-393A-481B-BD18-E7D041D8C6B1}.Release|Win32.Build.0 = Release|Win32
		{CB7A02E8-393A-481B-BD18-E7D041D8C6B1}.Release|x64.ActiveCfg = Release|x64
		{CB7A02E8-393A-481B-BD18-E7D041D8C6B1}.Release|x64.Build.0 = Release|x64
		{76CBB7D4-0524-4569-9150-34BDE4235D04}.Debug|Win32.ActiveCfg = Debug|Win32
		{76CBB7D4-0524-4569-9150-34BDE4235D04}.Debug|Win32.Build.0 = Debug|Win32
		{76CBB7D4-0524-4569-9150-34BDE4235D04}.Debug|x64.ActiveCfg = Debug|x64
		{76CBB7D4-0524-4569-9150-34BDE4235D04}.Debug|x64.Build.0 = Debug|x64
		{76CBB7D4-0524-4569-9150-34BDE4235D04}.Release|Win32.ActiveCfg = Release|Win32
		{76CBB7D4-0524-4569-9150-34BDE4235D04}.Release|Win32.Build.0 = Release|Win32
		{76CBB7D4-0524-4569-9150-34BDE4235D04}.Release|x64.ActiveCfg = Release|x64
		{76CBB7D4-0524-4569-9150-34BDE4235D04}.Release|x64.Build.0 = Release|x64
	EndGlobalSection
	GlobalSection(SolutionProperties) = preSolution
		HideSolutionNode = FALSE
	EndGlobalSection
	GlobalSection(ExtensibilityGlobals) = postSolution
		SolutionGuid = {1D68B051-3C67-4C2B-A5E5-B9AA9C5D7682}
	EndGlobalSection
EndGlobal
